
Microsoft Visual Studio Solution File, Format Version 12.00
# Visual Studio Version 16
VisualStudioVersion = 16.0.30413.136
MinimumVisualStudioVersion = 10.0.40219.1
Project("{FAE04EC0-301F-11D3-BF4B-00C04F79EFBC}") = "DiscordWOTMService", "DiscordWOTMService.csproj", "{508DF558-2BBE-4839-85A1-619A62EE6EAB}"
EndProject
Global
	GlobalSection(SolutionConfigurationPlatforms) = preSolution
		Debug|Any CPU = Debug|Any CPU
		Release|Any CPU = Release|Any CPU
	EndGlobalSection
	GlobalSection(ProjectConfigurationPlatforms) = postSolution
		{508DF558-2BBE-4839-85A1-619A62EE6EAB}.Debug|Any CPU.ActiveCfg = Debug|Any CPU
		{508DF558-2BBE-4839-85A1-619A62EE6EAB}.Debug|Any CPU.Build.0 = Debug|Any CPU
		{508DF558-2BBE-4839-85A1-619A62EE6EAB}.Release|Any CPU.ActiveCfg = Release|Any CPU
		{508DF558-2BBE-4839-85A1-619A62EE6EAB}.Release|Any CPU.Build.0 = Release|Any CPU
	EndGlobalSection
	GlobalSection(SolutionProperties) = preSolution
		HideSolutionNode = FALSE
	EndGlobalSection
	GlobalSection(ExtensibilityGlobals) = postSolution
		SolutionGuid = {52335972-5A66-445B-A1B2-AF9FBE1B56D2}
	EndGlobalSection
EndGlobal
